// !$*UTF8*$!
{
	archiveVersion = 1;
	classes = {
	};
	objectVersion = 77;
	objects = {

/* Begin PBXBuildFile section */
		3C75BBC82F8B13B4002D5565 /* MarkdownUI in Frameworks */ = {isa = PBXBuildFile; productRef = 3C75BBC72F8B13B4002D5565 /* MarkdownUI */; };
		3C75BBCB2F8B13C7002D5565 /* Splash in Frameworks */ = {isa = PBXBuildFile; productRef = 3C75BBCA2F8B13C7002D5565 /* Splash */; };
		3C75BBCD2F8B13C7002D5565 /* SplashHTMLGen in Frameworks */ = {isa = PBXBuildFile; productRef = 3C75BBCC2F8B13C7002D5565 /* SplashHTMLGen */; };
		3C75BBD12F8B13C7002D5565 /* SplashMarkdown in Frameworks */ = {isa = PBXBuildFile; productRef = 3C75BBD02F8B13C7002D5565 /* SplashMarkdown */; };
		3C75BBD32F8B13C7002D5565 /* SplashTokenizer in Frameworks */ = {isa = PBXBuildFile; productRef = 3C75BBD22F8B13C7002D5565 /* SplashTokenizer */; };
		3C75BBDF2F8B13FD002D5565 /* SkeletonUI in Frameworks */ = {isa = PBXBuildFile; productRef = 3C75BBDE2F8B13FD002D5565 /* SkeletonUI */; };
		3C75BBE82F8B1420002D5565 /* Shiny in Frameworks */ = {isa = PBXBuildFile; productRef = 3C75BBE72F8B1420002D5565 /* Shiny */; };
		3C75BBED2F8B1456002D5565 /* RiveRuntime in Frameworks */ = {isa = PBXBuildFile; productRef = 3C75BBEC2F8B1456002D5565 /* RiveRuntime */; };
		3C75BBF22F8B147D002D5565 /* Lottie in Frameworks */ = {isa = PBXBuildFile; productRef = 3C75BBF12F8B147D002D5565 /* Lottie */; };
		3C75BBF72F8B15A1002D5565 /* SwiftUIIntrospect in Frameworks */ = {isa = PBXBuildFile; productRef = 3C75BBF62F8B15A1002D5565 /* SwiftUIIntrospect */; };
		3C75BBFB2F8B15A1002D5565 /* SwiftUIIntrospect-Static in Frameworks */ = {isa = PBXBuildFile; productRef = 3C75BBFA2F8B15A1002D5565 /* SwiftUIIntrospect-Static */; };
		3C75BBFE2F8B15C4002D5565 /* Flow in Frameworks */ = {isa = PBXBuildFile; productRef = 3C75BBFD2F8B15C4002D5565 /* Flow */; };
		3C75BC012F8B15DC002D5565 /* ExyteGrid in Frameworks */ = {isa = PBXBuildFile; productRef = 3C75BC002F8B15DC002D5565 /* ExyteGrid */; };
		3C75BC042F8B15ED002D5565 /* KeyboardShortcuts in Frameworks */ = {isa = PBXBuildFile; productRef = 3C75BC032F8B15ED002D5565 /* KeyboardShortcuts */; };
		3C75BC072F8B1620002D5565 /* LaunchAtLogin in Frameworks */ = {isa = PBXBuildFile; productRef = 3C75BC062F8B1620002D5565 /* LaunchAtLogin */; };
		3C9D0B372F8ADC9400797BB1 /* LlamaSwift in Frameworks */ = {isa = PBXBuildFile; productRef = 3C9D0B362F8ADC9400797BB1 /* LlamaSwift */; };
/* End PBXBuildFile section */

/* Begin PBXFileReference section */
		3C1AA5D82F71F03600958A72 /* Centmond.app */ = {isa = PBXFileReference; explicitFileType = wrapper.application; includeInIndex = 0; path = Centmond.app; sourceTree = BUILT_PRODUCTS_DIR; };
/* End PBXFileReference section */

/* Begin PBXFileSystemSynchronizedRootGroup section */
		3C1AA5DA2F71F03600958A72 /* Centmond */ = {
			isa = PBXFileSystemSynchronizedRootGroup;
			path = Centmond;
			sourceTree = "<group>";
		};
/* End PBXFileSystemSynchronizedRootGroup section */

/* Begin PBXFrameworksBuildPhase section */
		3C1AA5D52F71F03600958A72 /* Frameworks */ = {
			isa = PBXFrameworksBuildPhase;
			buildActionMask = 2147483647;
			files = (
				3C75BBFE2F8B15C4002D5565 /* Flow in Frameworks */,
				3C75BBD32F8B13C7002D5565 /* SplashTokenizer in Frameworks */,
				3C75BBDF2F8B13FD002D5565 /* SkeletonUI in Frameworks */,
				3C75BBFB2F8B15A1002D5565 /* SwiftUIIntrospect-Static in Frameworks */,
				3C75BBED2F8B1456002D5565 /* RiveRuntime in Frameworks */,
				3C9D0B372F8ADC9400797BB1 /* LlamaSwift in Frameworks */,
				3C75BBC82F8B13B4002D5565 /* MarkdownUI in Frameworks */,
				3C75BBF72F8B15A1002D5565 /* SwiftUIIntrospect in Frameworks */,
				3C75BBCB2F8B13C7002D5565 /* Splash in Frameworks */,
				3C75BC042F8B15ED002D5565 /* KeyboardShortcuts in Frameworks */,
				3C75BBCD2F8B13C7002D5565 /* SplashHTMLGen in Frameworks */,
				3C75BBD12F8B13C7002D5565 /* SplashMarkdown in Frameworks */,
				3C75BBE82F8B1420002D5565 /* Shiny in Frameworks */,
				3C75BC012F8B15DC002D5565 /* ExyteGrid in Frameworks */,
				3C75BBF22F8B147D002D5565 /* Lottie in Frameworks */,
				3C75BC072F8B1620002D5565 /* LaunchAtLogin in Frameworks */,
			);
			runOnlyForDeploymentPostprocessing = 0;
		};
/* End PBXFrameworksBuildPhase section */

/* Begin PBXGroup section */
		3C1AA5CF2F71F03600958A72 = {
			isa = PBXGroup;
			children = (
				3C1AA5DA2F71F03600958A72 /* Centmond */,
				3C1AA5D92F71F03600958A72 /* Products */,
			);
			sourceTree = "<group>";
		};
		3C1AA5D92F71F03600958A72 /* Products */ = {
			isa = PBXGroup;
			children = (
				3C1AA5D82F71F03600958A72 /* Centmond.app */,
			);
			name = Products;
			sourceTree = "<group>";
		};
/* End PBXGroup section */

/* Begin PBXNativeTarget section */
		3C1AA5D72F71F03600958A72 /* Centmond */ = {
			isa = PBXNativeTarget;
			buildConfigurationList = 3C1AA5E32F71F03700958A72 /* Build configuration list for PBXNativeTarget "Centmond" */;
			buildPhases = (
				3C1AA5D42F71F03600958A72 /* Sources */,
				3C1AA5D52F71F03600958A72 /* Frameworks */,
				3C1AA5D62F71F03600958A72 /* Resources */,
			);
			buildRules = (
			);
			dependencies = (
			);
			fileSystemSynchronizedGroups = (
				3C1AA5DA2F71F03600958A72 /* Centmond */,
			);
			name = Centmond;
			packageProductDependencies = (
				3C9D0B362F8ADC9400797BB1 /* LlamaSwift */,
				3C75BBC72F8B13B4002D5565 /* MarkdownUI */,
				3C75BBCA2F8B13C7002D5565 /* Splash */,
				3C75BBCC2F8B13C7002D5565 /* SplashHTMLGen */,
				3C75BBD02F8B13C7002D5565 /* SplashMarkdown */,
				3C75BBD22F8B13C7002D5565 /* SplashTokenizer */,
				3C75BBDE2F8B13FD002D5565 /* SkeletonUI */,
				3C75BBE72F8B1420002D5565 /* Shiny */,
				3C75BBEC2F8B1456002D5565 /* RiveRuntime */,
				3C75BBF12F8B147D002D5565 /* Lottie */,
				3C75BBF62F8B15A1002D5565 /* SwiftUIIntrospect */,
				3C75BBFA2F8B15A1002D5565 /* SwiftUIIntrospect-Static */,
				3C75BBFD2F8B15C4002D5565 /* Flow */,
				3C75BC002F8B15DC002D5565 /* ExyteGrid */,
				3C75BC032F8B15ED002D5565 /* KeyboardShortcuts */,
				3C75BC062F8B1620002D5565 /* LaunchAtLogin */,
			);
			productName = Centmond;
			productReference = 3C1AA5D82F71F03600958A72 /* Centmond.app */;
			productType = "com.apple.product-type.application";
		};
/* End PBXNativeTarget section */

/* Begin PBXProject section */
		3C1AA5D02F71F03600958A72 /* Project object */ = {
			isa = PBXProject;
			attributes = {
				BuildIndependentTargetsInParallel = 1;
				LastSwiftUpdateCheck = 2630;
				LastUpgradeCheck = 2640;
				TargetAttributes = {
					3C1AA5D72F71F03600958A72 = {
						CreatedOnToolsVersion = 26.3;
					};
				};
			};
			buildConfigurationList = 3C1AA5D32F71F03600958A72 /* Build configuration list for PBXProject "Centmond" */;
			developmentRegion = en;
			hasScannedForEncodings = 0;
			knownRegions = (
				en,
				Base,
			);
			mainGroup = 3C1AA5CF2F71F03600958A72;
			minimizedProjectReferenceProxies = 1;
			packageReferences = (
				3C9D0B352F8ADC9400797BB1 /* XCRemoteSwiftPackageReference "llama" */,
				3C75BBC62F8B13B4002D5565 /* XCRemoteSwiftPackageReference "swift-markdown-ui" */,
				3C75BBC92F8B13C7002D5565 /* XCRemoteSwiftPackageReference "Splash" */,
				3C75BBDD2F8B13FD002D5565 /* XCRemoteSwiftPackageReference "SkeletonUI" */,
				3C75BBE62F8B1420002D5565 /* XCRemoteSwiftPackageReference "shiny" */,
				3C75BBEB2F8B1456002D5565 /* XCRemoteSwiftPackageReference "rive-ios" */,
				3C75BBF02F8B147D002D5565 /* XCRemoteSwiftPackageReference "lottie-ios" */,
				3C75BBF52F8B15A1002D5565 /* XCRemoteSwiftPackageReference "SwiftUI-Introspect" */,
				3C75BBFC2F8B15C4002D5565 /* XCRemoteSwiftPackageReference "SwiftUI-Flow" */,
				3C75BBFF2F8B15DC002D5565 /* XCRemoteSwiftPackageReference "Grid" */,
				3C75BC022F8B15ED002D5565 /* XCRemoteSwiftPackageReference "KeyboardShortcuts" */,
				3C75BC052F8B1620002D5565 /* XCRemoteSwiftPackageReference "LaunchAtLogin" */,
				3CA6E8882F8B1C8E00088A28 /* XCLocalSwiftPackageReference "../Pow-local" */,
			);
			preferredProjectObjectVersion = 77;
			productRefGroup = 3C1AA5D92F71F03600958A72 /* Products */;
			projectDirPath = "";
			projectRoot = "";
			targets = (
				3C1AA5D72F71F03600958A72 /* Centmond */,
			);
		};
/* End PBXProject section */

/* Begin PBXResourcesBuildPhase section */
		3C1AA5D62F71F03600958A72 /* Resources */ = {
			isa = PBXResourcesBuildPhase;
			buildActionMask = 2147483647;
			files = (
			);
			runOnlyForDeploymentPostprocessing = 0;
		};
/* End PBXResourcesBuildPhase section */

/* Begin PBXSourcesBuildPhase section */
		3C1AA5D42F71F03600958A72 /* Sources */ = {
			isa = PBXSourcesBuildPhase;
			buildActionMask = 2147483647;
			files = (
			);
			runOnlyForDeploymentPostprocessing = 0;
		};
/* End PBXSourcesBuildPhase section */

/* Begin XCBuildConfiguration section */
		3C1AA5E12F71F03700958A72 /* Debug */ = {
			isa = XCBuildConfiguration;
			buildSettings = {
				ALWAYS_SEARCH_USER_PATHS = NO;
				ASSETCATALOG_COMPILER_GENERATE_SWIFT_ASSET_SYMBOL_EXTENSIONS = YES;
				CLANG_ANALYZER_NONNULL = YES;
				CLANG_ANALYZER_NUMBER_OBJECT_CONVERSION = YES_AGGRESSIVE;
				CLANG_CXX_LANGUAGE_STANDARD = "gnu++20";
				CLANG_ENABLE_MODULES = YES;
				CLANG_ENABLE_OBJC_ARC = YES;
				CLANG_ENABLE_OBJC_WEAK = YES;
				CLANG_WARN_BLOCK_CAPTURE_AUTORELEASING = YES;
				CLANG_WARN_BOOL_CONVERSION = YES;
				CLANG_WARN_COMMA = YES;
				CLANG_WARN_CONSTANT_CONVERSION = YES;
				CLANG_WARN_DEPRECATED_OBJC_IMPLEMENTATIONS = YES;
				CLANG_WARN_DIRECT_OBJC_ISA_USAGE = YES_ERROR;
				CLANG_WARN_DOCUMENTATION_COMMENTS = YES;
				CLANG_WARN_EMPTY_BODY = YES;
				CLANG_WARN_ENUM_CONVERSION = YES;
				CLANG_WARN_INFINITE_RECURSION = YES;
				CLANG_WARN_INT_CONVERSION = YES;
				CLANG_WARN_NON_LITERAL_NULL_CONVERSION = YES;
				CLANG_WARN_OBJC_IMPLICIT_RETAIN_SELF = YES;
				CLANG_WARN_OBJC_LITERAL_CONVERSION = YES;
				CLANG_WARN_OBJC_ROOT_CLASS = YES_ERROR;
				CLANG_WARN_QUOTED_INCLUDE_IN_FRAMEWORK_HEADER = YES;
				CLANG_WARN_RANGE_LOOP_ANALYSIS = YES;
				CLANG_WARN_STRICT_PROTOTYPES = YES;
				CLANG_WARN_SUSPICIOUS_MOVE = YES;
				CLANG_WARN_UNGUARDED_AVAILABILITY = YES_AGGRESSIVE;
				CLANG_WARN_UNREACHABLE_CODE = YES;
				CLANG_WARN__DUPLICATE_METHOD_MATCH = YES;
				COPY_PHASE_STRIP = NO;
				DEAD_CODE_STRIPPING = YES;
				DEBUG_INFORMATION_FORMAT = dwarf;
				DEVELOPMENT_TEAM = 2645K3Q527;
				ENABLE_STRICT_OBJC_MSGSEND = YES;
				ENABLE_TESTABILITY = YES;
				ENABLE_USER_SCRIPT_SANDBOXING = YES;
				GCC_C_LANGUAGE_STANDARD = gnu17;
				GCC_DYNAMIC_NO_PIC = NO;
				GCC_NO_COMMON_BLOCKS = YES;
				GCC_OPTIMIZATION_LEVEL = 0;
				GCC_PREPROCESSOR_DEFINITIONS = (
					"DEBUG=1",
					"$(inherited)",
				);
				GCC_WARN_64_TO_32_BIT_CONVERSION = YES;
				GCC_WARN_ABOUT_RETURN_TYPE = YES_ERROR;
				GCC_WARN_UNDECLARED_SELECTOR = YES;
				GCC_WARN_UNINITIALIZED_AUTOS = YES_AGGRESSIVE;
				GCC_WARN_UNUSED_FUNCTION = YES;
				GCC_WARN_UNUSED_VARIABLE = YES;
				LOCALIZATION_PREFERS_STRING_CATALOGS = YES;
				MACOSX_DEPLOYMENT_TARGET = 26.2;
				MTL_ENABLE_DEBUG_INFO = INCLUDE_SOURCE;
				MTL_FAST_MATH = YES;
				ONLY_ACTIVE_ARCH = YES;
				SDKROOT = macosx;
				STRING_CATALOG_GENERATE_SYMBOLS = YES;
				SWIFT_ACTIVE_COMPILATION_CONDITIONS = "DEBUG $(inherited)";
				SWIFT_OPTIMIZATION_LEVEL = "-Onone";
			};
			name = Debug;
		};
		3C1AA5E22F71F03700958A72 /* Release */ = {
			isa = XCBuildConfiguration;
			buildSettings = {
				ALWAYS_SEARCH_USER_PATHS = NO;
				ASSETCATALOG_COMPILER_GENERATE_SWIFT_ASSET_SYMBOL_EXTENSIONS = YES;
				CLANG_ANALYZER_NONNULL = YES;
				CLANG_ANALYZER_NUMBER_OBJECT_CONVERSION = YES_AGGRESSIVE;
				CLANG_CXX_LANGUAGE_STANDARD = "gnu++20";
				CLANG_ENABLE_MODULES = YES;
				CLANG_ENABLE_OBJC_ARC = YES;
				CLANG_ENABLE_OBJC_WEAK = YES;
				CLANG_WARN_BLOCK_CAPTURE_AUTORELEASING = YES;
				CLANG_WARN_BOOL_CONVERSION = YES;
				CLANG_WARN_COMMA = YES;
				CLANG_WARN_CONSTANT_CONVERSION = YES;
				CLANG_WARN_DEPRECATED_OBJC_IMPLEMENTATIONS = YES;
				CLANG_WARN_DIRECT_OBJC_ISA_USAGE = YES_ERROR;
				CLANG_WARN_DOCUMENTATION_COMMENTS = YES;
				CLANG_WARN_EMPTY_BODY = YES;
				CLANG_WARN_ENUM_CONVERSION = YES;
				CLANG_WARN_INFINITE_RECURSION = YES;
				CLANG_WARN_INT_CONVERSION = YES;
				CLANG_WARN_NON_LITERAL_NULL_CONVERSION = YES;
				CLANG_WARN_OBJC_IMPLICIT_RETAIN_SELF = YES;
				CLANG_WARN_OBJC_LITERAL_CONVERSION = YES;
				CLANG_WARN_OBJC_ROOT_CLASS = YES_ERROR;
				CLANG_WARN_QUOTED_INCLUDE_IN_FRAMEWORK_HEADER = YES;
				CLANG_WARN_RANGE_LOOP_ANALYSIS = YES;
				CLANG_WARN_STRICT_PROTOTYPES = YES;
				CLANG_WARN_SUSPICIOUS_MOVE = YES;
				CLANG_WARN_UNGUARDED_AVAILABILITY = YES_AGGRESSIVE;
				CLANG_WARN_UNREACHABLE_CODE = YES;
				CLANG_WARN__DUPLICATE_METHOD_MATCH = YES;
				COPY_PHASE_STRIP = NO;
				DEAD_CODE_STRIPPING = YES;
				DEBUG_INFORMATION_FORMAT = "dwarf-with-dsym";
				DEVELOPMENT_TEAM = 2645K3Q527;
				ENABLE_NS_ASSERTIONS = NO;
				ENABLE_STRICT_OBJC_MSGSEND = YES;
				ENABLE_USER_SCRIPT_SANDBOXING = YES;
				GCC_C_LANGUAGE_STANDARD = gnu17;
				GCC_NO_COMMON_BLOCKS = YES;
				GCC_WARN_64_TO_32_BIT_CONVERSION = YES;
				GCC_WARN_ABOUT_RETURN_TYPE = YES_ERROR;
				GCC_WARN_UNDECLARED_SELECTOR = YES;
				GCC_WARN_UNINITIALIZED_AUTOS = YES_AGGRESSIVE;
				GCC_WARN_UNUSED_FUNCTION = YES;
				GCC_WARN_UNUSED_VARIABLE = YES;
				LOCALIZATION_PREFERS_STRING_CATALOGS = YES;
				MACOSX_DEPLOYMENT_TARGET = 26.2;
				MTL_ENABLE_DEBUG_INFO = NO;
				MTL_FAST_MATH = YES;
				SDKROOT = macosx;
				STRING_CATALOG_GENERATE_SYMBOLS = YES;
				SWIFT_COMPILATION_MODE = wholemodule;
			};
			name = Release;
		};
		3C1AA5E42F71F03700958A72 /* Debug */ = {
			isa = XCBuildConfiguration;
			buildSettings = {
				ASSETCATALOG_COMPILER_APPICON_NAME = AppIcon;
				ASSETCATALOG_COMPILER_GLOBAL_ACCENT_COLOR_NAME = AccentColor;
				ASSETCATALOG_COMPILER_INCLUDE_ALL_APPICON_ASSETS = NO;
				CODE_SIGN_STYLE = Automatic;
				COMBINE_HIDPI_IMAGES = YES;
				CURRENT_PROJECT_VERSION = 1;
				DEAD_CODE_STRIPPING = YES;
				DEVELOPMENT_TEAM = 2645K3Q527;
				ENABLE_APP_SANDBOX = YES;
				ENABLE_HARDENED_RUNTIME = YES;
				ENABLE_PREVIEWS = YES;
				ENABLE_USER_SELECTED_FILES = readwrite;
				GENERATE_INFOPLIST_FILE = YES;
				INFOPLIST_KEY_NSHumanReadableCopyright = "";
				LD_RUNPATH_SEARCH_PATHS = (
					"$(inherited)",
					"@executable_path/../Frameworks",
				);
				MARKETING_VERSION = 1.0;
				PRODUCT_BUNDLE_IDENTIFIER = mani.Centmond;
				PRODUCT_NAME = "$(TARGET_NAME)";
				REGISTER_APP_GROUPS = YES;
				STRING_CATALOG_GENERATE_SYMBOLS = YES;
				SWIFT_APPROACHABLE_CONCURRENCY = YES;
				SWIFT_DEFAULT_ACTOR_ISOLATION = MainActor;
				SWIFT_EMIT_LOC_STRINGS = YES;
				SWIFT_UPCOMING_FEATURE_MEMBER_IMPORT_VISIBILITY = YES;
				SWIFT_VERSION = 5.0;
			};
			name = Debug;
		};
		3C1AA5E52F71F03700958A72 /* Release */ = {
			isa = XCBuildConfiguration;
			buildSettings = {
				ASSETCATALOG_COMPILER_APPICON_NAME = AppIcon;
				ASSETCATALOG_COMPILER_GLOBAL_ACCENT_COLOR_NAME = AccentColor;
				ASSETCATALOG_COMPILER_INCLUDE_ALL_APPICON_ASSETS = NO;
				CODE_SIGN_STYLE = Automatic;
				COMBINE_HIDPI_IMAGES = YES;
				CURRENT_PROJECT_VERSION = 1;
				DEAD_CODE_STRIPPING = YES;
				DEVELOPMENT_TEAM = 2645K3Q527;
				ENABLE_APP_SANDBOX = YES;
				ENABLE_HARDENED_RUNTIME = YES;
				ENABLE_PREVIEWS = YES;
				ENABLE_USER_SELECTED_FILES = readwrite;
				GENERATE_INFOPLIST_FILE = YES;
				INFOPLIST_KEY_NSHumanReadableCopyright = "";
				LD_RUNPATH_SEARCH_PATHS = (
					"$(inherited)",
					"@executable_path/../Frameworks",
				);
				MARKETING_VERSION = 1.0;
				PRODUCT_BUNDLE_IDENTIFIER = mani.Centmond;
				PRODUCT_NAME = "$(TARGET_NAME)";
				REGISTER_APP_GROUPS = YES;
				STRING_CATALOG_GENERATE_SYMBOLS = YES;
				SWIFT_APPROACHABLE_CONCURRENCY = YES;
				SWIFT_DEFAULT_ACTOR_ISOLATION = MainActor;
				SWIFT_EMIT_LOC_STRINGS = YES;
				SWIFT_UPCOMING_FEATURE_MEMBER_IMPORT_VISIBILITY = YES;
				SWIFT_VERSION = 5.0;
			};
			name = Release;
		};
/* End XCBuildConfiguration section */

/* Begin XCConfigurationList section */
		3C1AA5D32F71F03600958A72 /* Build configuration list for PBXProject "Centmond" */ = {
			isa = XCConfigurationList;
			buildConfigurations = (
				3C1AA5E12F71F03700958A72 /* Debug */,
				3C1AA5E22F71F03700958A72 /* Release */,
			);
			defaultConfigurationIsVisible = 0;
			defaultConfigurationName = Release;
		};
		3C1AA5E32F71F03700958A72 /* Build configuration list for PBXNativeTarget "Centmond" */ = {
			isa = XCConfigurationList;
			buildConfigurations = (
				3C1AA5E42F71F03700958A72 /* Debug */,
				3C1AA5E52F71F03700958A72 /* Release */,
			);
			defaultConfigurationIsVisible = 0;
			defaultConfigurationName = Release;
		};
/* End XCConfigurationList section */

/* Begin XCLocalSwiftPackageReference section */
		3CA6E8882F8B1C8E00088A28 /* XCLocalSwiftPackageReference "../Pow-local" */ = {
			isa = XCLocalSwiftPackageReference;
			relativePath = "../Pow-local";
		};
/* End XCLocalSwiftPackageReference section */

/* Begin XCRemoteSwiftPackageReference section */
		3C75BBC62F8B13B4002D5565 /* XCRemoteSwiftPackageReference "swift-markdown-ui" */ = {
			isa = XCRemoteSwiftPackageReference;
			repositoryURL = "https://github.com/gonzalezreal/swift-markdown-ui";
			requirement = {
				kind = upToNextMajorVersion;
				minimumVersion = 2.4.1;
			};
		};
		3C75BBC92F8B13C7002D5565 /* XCRemoteSwiftPackageReference "Splash" */ = {
			isa = XCRemoteSwiftPackageReference;
			repositoryURL = "https://github.com/JohnSundell/Splash";
			requirement = {
				kind = upToNextMajorVersion;
				minimumVersion = 0.16.0;
			};
		};
		3C75BBDD2F8B13FD002D5565 /* XCRemoteSwiftPackageReference "SkeletonUI" */ = {
			isa = XCRemoteSwiftPackageReference;
			repositoryURL = "https://github.com/CSolanaM/SkeletonUI";
			requirement = {
				kind = upToNextMajorVersion;
				minimumVersion = 2.0.2;
			};
		};
		3C75BBE62F8B1420002D5565 /* XCRemoteSwiftPackageReference "shiny" */ = {
			isa = XCRemoteSwiftPackageReference;
			repositoryURL = "https://github.com/maustinstar/shiny";
			requirement = {
				branch = master;
				kind = branch;
			};
		};
		3C75BBEB2F8B1456002D5565 /* XCRemoteSwiftPackageReference "rive-ios" */ = {
			isa = XCRemoteSwiftPackageReference;
			repositoryURL = "https://github.com/rive-app/rive-ios";
			requirement = {
				kind = upToNextMajorVersion;
				minimumVersion = 6.18.3;
			};
		};
		3C75BBF02F8B147D002D5565 /* XCRemoteSwiftPackageReference "lottie-ios" */ = {
			isa = XCRemoteSwiftPackageReference;
			repositoryURL = "https://github.com/airbnb/lottie-ios";
			requirement = {
				kind = upToNextMajorVersion;
				minimumVersion = 4.6.0;
			};
		};
		3C75BBF52F8B15A1002D5565 /* XCRemoteSwiftPackageReference "SwiftUI-Introspect" */ = {
			isa = XCRemoteSwiftPackageReference;
			repositoryURL = "https://github.com/siteline/SwiftUI-Introspect";
			requirement = {
				kind = upToNextMajorVersion;
				minimumVersion = 26.0.1;
			};
		};
		3C75BBFC2F8B15C4002D5565 /* XCRemoteSwiftPackageReference "SwiftUI-Flow" */ = {
			isa = XCRemoteSwiftPackageReference;
			repositoryURL = "https://github.com/tevelee/SwiftUI-Flow";
			requirement = {
				kind = upToNextMajorVersion;
				minimumVersion = 3.1.1;
			};
		};
		3C75BBFF2F8B15DC002D5565 /* XCRemoteSwiftPackageReference "Grid" */ = {
			isa = XCRemoteSwiftPackageReference;
			repositoryURL = "https://github.com/exyte/Grid";
			requirement = {
				kind = upToNextMajorVersion;
				minimumVersion = 1.5.0;
			};
		};
		3C75BC022F8B15ED002D5565 /* XCRemoteSwiftPackageReference "KeyboardShortcuts" */ = {
			isa = XCRemoteSwiftPackageReference;
			repositoryURL = "https://github.com/sindresorhus/KeyboardShortcuts";
			requirement = {
				kind = upToNextMajorVersion;
				minimumVersion = 2.4.0;
			};
		};
		3C75BC052F8B1620002D5565 /* XCRemoteSwiftPackageReference "LaunchAtLogin" */ = {
			isa = XCRemoteSwiftPackageReference;
			repositoryURL = "https://github.com/sindresorhus/LaunchAtLogin";
			requirement = {
				branch = main;
				kind = branch;
			};
		};
		3C9D0B352F8ADC9400797BB1 /* XCRemoteSwiftPackageReference "llama" */ = {
			isa = XCRemoteSwiftPackageReference;
			repositoryURL = "https://github.com/mattt/llama.swift";
			requirement = {
				kind = upToNextMajorVersion;
				minimumVersion = 2.8763.0;
			};
		};
/* End XCRemoteSwiftPackageReference section */

/* Begin XCSwiftPackageProductDependency section */
		3C75BBC72F8B13B4002D5565 /* MarkdownUI */ = {
			isa = XCSwiftPackageProductDependency;
			package = 3C75BBC62F8B13B4002D5565 /* XCRemoteSwiftPackageReference "swift-markdown-ui" */;
			productName = MarkdownUI;
		};
		3C75BBCA2F8B13C7002D5565 /* Splash */ = {
			isa = XCSwiftPackageProductDependency;
			package = 3C75BBC92F8B13C7002D5565 /* XCRemoteSwiftPackageReference "Splash" */;
			productName = Splash;
		};
		3C75BBCC2F8B13C7002D5565 /* SplashHTMLGen */ = {
			isa = XCSwiftPackageProductDependency;
			package = 3C75BBC92F8B13C7002D5565 /* XCRemoteSwiftPackageReference "Splash" */;
			productName = SplashHTMLGen;
		};
		3C75BBD02F8B13C7002D5565 /* SplashMarkdown */ = {
			isa = XCSwiftPackageProductDependency;
			package = 3C75BBC92F8B13C7002D5565 /* XCRemoteSwiftPackageReference "Splash" */;
			productName = SplashMarkdown;
		};
		3C75BBD22F8B13C7002D5565 /* SplashTokenizer */ = {
			isa = XCSwiftPackageProductDependency;
			package = 3C75BBC92F8B13C7002D5565 /* XCRemoteSwiftPackageReference "Splash" */;
			productName = SplashTokenizer;
		};
		3C75BBDE2F8B13FD002D5565 /* SkeletonUI */ = {
			isa = XCSwiftPackageProductDependency;
			package = 3C75BBDD2F8B13FD002D5565 /* XCRemoteSwiftPackageReference "SkeletonUI" */;
			productName = SkeletonUI;
		};
		3C75BBE72F8B1420002D5565 /* Shiny */ = {
			isa = XCSwiftPackageProductDependency;
			package = 3C75BBE62F8B1420002D5565 /* XCRemoteSwiftPackageReference "shiny" */;
			productName = Shiny;
		};
		3C75BBEC2F8B1456002D5565 /* RiveRuntime */ = {
			isa = XCSwiftPackageProductDependency;
			package = 3C75BBEB2F8B1456002D5565 /* XCRemoteSwiftPackageReference "rive-ios" */;
			productName = RiveRuntime;
		};
		3C75BBF12F8B147D002D5565 /* Lottie */ = {
			isa = XCSwiftPackageProductDependency;
			package = 3C75BBF02F8B147D002D5565 /* XCRemoteSwiftPackageReference "lottie-ios" */;
			productName = Lottie;
		};
		3C75BBF62F8B15A1002D5565 /* SwiftUIIntrospect */ = {
			isa = XCSwiftPackageProductDependency;
			package = 3C75BBF52F8B15A1002D5565 /* XCRemoteSwiftPackageReference "SwiftUI-Introspect" */;
			productName = SwiftUIIntrospect;
		};
		3C75BBFA2F8B15A1002D5565 /* SwiftUIIntrospect-Static */ = {
			isa = XCSwiftPackageProductDependency;
			package = 3C75BBF52F8B15A1002D5565 /* XCRemoteSwiftPackageReference "SwiftUI-Introspect" */;
			productName = "SwiftUIIntrospect-Static";
		};
		3C75BBFD2F8B15C4002D5565 /* Flow */ = {
			isa = XCSwiftPackageProductDependency;
			package = 3C75BBFC2F8B15C4002D5565 /* XCRemoteSwiftPackageReference "SwiftUI-Flow" */;
			productName = Flow;
		};
		3C75BC002F8B15DC002D5565 /* ExyteGrid */ = {
			isa = XCSwiftPackageProductDependency;
			package = 3C75BBFF2F8B15DC002D5565 /* XCRemoteSwiftPackageReference "Grid" */;
			productName = ExyteGrid;
		};
		3C75BC032F8B15ED002D5565 /* KeyboardShortcuts */ = {
			isa = XCSwiftPackageProductDependency;
			package = 3C75BC022F8B15ED002D5565 /* XCRemoteSwiftPackageReference "KeyboardShortcuts" */;
			productName = KeyboardShortcuts;
		};
		3C75BC062F8B1620002D5565 /* LaunchAtLogin */ = {
			isa = XCSwiftPackageProductDependency;
			package = 3C75BC052F8B1620002D5565 /* XCRemoteSwiftPackageReference "LaunchAtLogin" */;
			productName = LaunchAtLogin;
		};
		3C9D0B362F8ADC9400797BB1 /* LlamaSwift */ = {
			isa = XCSwiftPackageProductDependency;
			package = 3C9D0B352F8ADC9400797BB1 /* XCRemoteSwiftPackageReference "llama" */;
			productName = LlamaSwift;
		};
/* End XCSwiftPackageProductDependency section */
	};
	rootObject = 3C1AA5D02F71F03600958A72 /* Project object */;
}
